
Microsoft Visual Studio Solution File, Format Version 12.00
# Visual Studio Version 17
VisualStudioVersion = 17.5.33530.505
MinimumVisualStudioVersion = 10.0.40219.1
Project("{FAE04EC0-301F-11D3-BF4B-00C04F79EFBC}") = "books-aspnet", "books-aspnet\books-aspnet.csproj", "{B4E82C04-3BF8-46A3-A1A8-14CCC237055C}"
EndProject
Global
	GlobalSection(SolutionConfigurationPlatforms) = preSolution
		Debug|Any CPU = Debug|Any CPU
		Release|Any CPU = Release|Any CPU
	EndGlobalSection
	GlobalSection(ProjectConfigurationPlatforms) = postSolution
		{B4E82C04-3BF8-46A3-A1A8-14CCC237055C}.Debug|Any CPU.ActiveCfg = Debug|Any CPU
		{B4E82C04-3BF8-46A3-A1A8-14CCC237055C}.Debug|Any CPU.Build.0 = Debug|Any CPU
		{B4E82C04-3BF8-46A3-A1A8-14CCC237055C}.Release|Any CPU.ActiveCfg = Release|Any CPU
		{B4E82C04-3BF8-46A3-A1A8-14CCC237055C}.Release|Any CPU.Build.0 = Release|Any CPU
	EndGlobalSection
	GlobalSection(SolutionProperties) = preSolution
		HideSolutionNode = FALSE
	EndGlobalSection
	GlobalSection(ExtensibilityGlobals) = postSolution
		SolutionGuid = {06040E0C-C917-4999-9536-129D20F286D4}
	EndGlobalSection
EndGlobal
